// !$*UTF8*$!
{
	archiveVersion = 1;
	classes = {
	};
	objectVersion = 46;
	objects = {

/* Begin PBXBuildFile section */
		2114A4AC1EF4130800EA29C1 /* coin.gif in Resources */ = {isa = PBXBuildFile; fileRef = 2114A4AB1EF4130800EA29C1 /* coin.gif */; };
		2114A4AE1EF41F8F00EA29C1 /* coinflip.wav in Resources */ = {isa = PBXBuildFile; fileRef = 2114A4AD1EF41F8F00EA29C1 /* coinflip.wav */; };
		2114A4B01EF4245900EA29C1 /* diceroll.wav in Resources */ = {isa = PBXBuildFile; fileRef = 2114A4AF1EF4245900EA29C1 /* diceroll.wav */; };
		21B2A3D01EF480B600C75D61 /* Roule.mp3 in Resources */ = {isa = PBXBuildFile; fileRef = 21B2A3CF1EF480B600C75D61 /* Roule.mp3 */; };
		21B2A3D21EF4916100C75D61 /* woosh.wav in Resources */ = {isa = PBXBuildFile; fileRef = 21B2A3D11EF4916100C75D61 /* woosh.wav */; };
		21E488D11ED666EA00140C53 /* he.gif in Resources */ = {isa = PBXBuildFile; fileRef = 21E488CF1ED666EA00140C53 /* he.gif */; };
		21E488D41ED6677D00140C53 /* SwiftGif.swift in Sources */ = {isa = PBXBuildFile; fileRef = 21E488D31ED6677D00140C53 /* SwiftGif.swift */; };
		D166040F1E81631D00E25BDE /* AppDelegate.swift in Sources */ = {isa = PBXBuildFile; fileRef = D166040E1E81631D00E25BDE /* AppDelegate.swift */; };
		D16604111E81631D00E25BDE /* MenuViewController.swift in Sources */ = {isa = PBXBuildFile; fileRef = D16604101E81631D00E25BDE /* MenuViewController.swift */; };
		D16604141E81631D00E25BDE /* Main.storyboard in Resources */ = {isa = PBXBuildFile; fileRef = D16604121E81631D00E25BDE /* Main.storyboard */; };
		D16604161E81631D00E25BDE /* Assets.xcassets in Resources */ = {isa = PBXBuildFile; fileRef = D16604151E81631D00E25BDE /* Assets.xcassets */; };
		D16604191E81631D00E25BDE /* LaunchScreen.storyboard in Resources */ = {isa = PBXBuildFile; fileRef = D16604171E81631D00E25BDE /* LaunchScreen.storyboard */; };
		D16604241E81631D00E25BDE /* ProektMobilniAplikaciiTests.swift in Sources */ = {isa = PBXBuildFile; fileRef = D16604231E81631D00E25BDE /* ProektMobilniAplikaciiTests.swift */; };
		D166042F1E81631D00E25BDE /* ProektMobilniAplikaciiUITests.swift in Sources */ = {isa = PBXBuildFile; fileRef = D166042E1E81631D00E25BDE /* ProektMobilniAplikaciiUITests.swift */; };
		D166043D1E8163E400E25BDE /* CoinFlipViewController.swift in Sources */ = {isa = PBXBuildFile; fileRef = D166043C1E8163E400E25BDE /* CoinFlipViewController.swift */; };
		D166043F1E8166A000E25BDE /* DiceRollViewController.swift in Sources */ = {isa = PBXBuildFile; fileRef = D166043E1E8166A000E25BDE /* DiceRollViewController.swift */; };
		D16604411E816BA700E25BDE /* RouletteViewController.swift in Sources */ = {isa = PBXBuildFile; fileRef = D16604401E816BA700E25BDE /* RouletteViewController.swift */; };
		D16604431E816EAC00E25BDE /* YesNoViewController.swift in Sources */ = {isa = PBXBuildFile; fileRef = D16604421E816EAC00E25BDE /* YesNoViewController.swift */; };
		D16604451E816FCF00E25BDE /* PickFromListViewController.swift in Sources */ = {isa = PBXBuildFile; fileRef = D16604441E816FCF00E25BDE /* PickFromListViewController.swift */; };
		D16604471E8171AB00E25BDE /* PickFromListTableViewCell.swift in Sources */ = {isa = PBXBuildFile; fileRef = D16604461E8171AB00E25BDE /* PickFromListTableViewCell.swift */; };
		D1C42FD31ED45567002E45DC /* HamburgerTableViewController.swift in Sources */ = {isa = PBXBuildFile; fileRef = D1C42FD21ED45567002E45DC /* HamburgerTableViewController.swift */; };
		EB4AFD466A7F2E9DF6DEFCFC /* Pods_ProektMobilniAplikacii.framework in Frameworks */ = {isa = PBXBuildFile; fileRef = 2C6FE0333C54EE1642A05619 /* Pods_ProektMobilniAplikacii.framework */; };
/* End PBXBuildFile section */

/* Begin PBXContainerItemProxy section */
		D16604201E81631D00E25BDE /* PBXContainerItemProxy */ = {
			isa = PBXContainerItemProxy;
			containerPortal = D16604031E81631D00E25BDE /* Project object */;
			proxyType = 1;
			remoteGlobalIDString = D166040A1E81631D00E25BDE;
			remoteInfo = ProektMobilniAplikacii;
		};
		D166042B1E81631D00E25BDE /* PBXContainerItemProxy */ = {
			isa = PBXContainerItemProxy;
			containerPortal = D16604031E81631D00E25BDE /* Project object */;
			proxyType = 1;
			remoteGlobalIDString = D166040A1E81631D00E25BDE;
			remoteInfo = ProektMobilniAplikacii;
		};
/* End PBXContainerItemProxy section */

/* Begin PBXFileReference section */
		2114A4AB1EF4130800EA29C1 /* coin.gif */ = {isa = PBXFileReference; lastKnownFileType = image.gif; path = coin.gif; sourceTree = "<group>"; };
		2114A4AD1EF41F8F00EA29C1 /* coinflip.wav */ = {isa = PBXFileReference; lastKnownFileType = audio.wav; path = coinflip.wav; sourceTree = "<group>"; };
		2114A4AF1EF4245900EA29C1 /* diceroll.wav */ = {isa = PBXFileReference; lastKnownFileType = audio.wav; path = diceroll.wav; sourceTree = "<group>"; };
		21B2A3CF1EF480B600C75D61 /* Roule.mp3 */ = {isa = PBXFileReference; lastKnownFileType = audio.mp3; path = Roule.mp3; sourceTree = "<group>"; };
		21B2A3D11EF4916100C75D61 /* woosh.wav */ = {isa = PBXFileReference; lastKnownFileType = audio.wav; path = woosh.wav; sourceTree = "<group>"; };
		21E488CF1ED666EA00140C53 /* he.gif */ = {isa = PBXFileReference; lastKnownFileType = image.gif; path = he.gif; sourceTree = "<group>"; };
		21E488D31ED6677D00140C53 /* SwiftGif.swift */ = {isa = PBXFileReference; fileEncoding = 4; lastKnownFileType = sourcecode.swift; path = SwiftGif.swift; sourceTree = "<group>"; };
		2B119027E263FA5FEB2CB0E0 /* Pods_ProektMobilniAplikaciiTests.framework */ = {isa = PBXFileReference; explicitFileType = wrapper.framework; includeInIndex = 0; path = Pods_ProektMobilniAplikaciiTests.framework; sourceTree = BUILT_PRODUCTS_DIR; };
		2C6FE0333C54EE1642A05619 /* Pods_ProektMobilniAplikacii.framework */ = {isa = PBXFileReference; explicitFileType = wrapper.framework; includeInIndex = 0; path = Pods_ProektMobilniAplikacii.framework; sourceTree = BUILT_PRODUCTS_DIR; };
		ACAC4EF02BA971BA16CEFB02 /* Pods_ProektMobilniAplikaciiUITests.framework */ = {isa = PBXFileReference; explicitFileType = wrapper.framework; includeInIndex = 0; path = Pods_ProektMobilniAplikaciiUITests.framework; sourceTree = BUILT_PRODUCTS_DIR; };
		CA712CC0CC8B2B666AE5FE09 /* Pods-ProektMobilniAplikacii.debug.xcconfig */ = {isa = PBXFileReference; includeInIndex = 1; lastKnownFileType = text.xcconfig; name = "Pods-ProektMobilniAplikacii.debug.xcconfig"; path = "Pods/Target Support Files/Pods-ProektMobilniAplikacii/Pods-ProektMobilniAplikacii.debug.xcconfig"; sourceTree = "<group>"; };
		CAC037D185692C45BB213F69 /* Pods-ProektMobilniAplikacii.release.xcconfig */ = {isa = PBXFileReference; includeInIndex = 1; lastKnownFileType = text.xcconfig; name = "Pods-ProektMobilniAplikacii.release.xcconfig"; path = "Pods/Target Support Files/Pods-ProektMobilniAplikacii/Pods-ProektMobilniAplikacii.release.xcconfig"; sourceTree = "<group>"; };
		D166040B1E81631D00E25BDE /* ProektMobilniAplikacii.app */ = {isa = PBXFileReference; explicitFileType = wrapper.application; includeInIndex = 0; path = ProektMobilniAplikacii.app; sourceTree = BUILT_PRODUCTS_DIR; };
		D166040E1E81631D00E25BDE /* AppDelegate.swift */ = {isa = PBXFileReference; lastKnownFileType = sourcecode.swift; path = AppDelegate.swift; sourceTree = "<group>"; };
		D16604101E81631D00E25BDE /* MenuViewController.swift */ = {isa = PBXFileReference; lastKnownFileType = sourcecode.swift; path = MenuViewController.swift; sourceTree = "<group>"; };
		D16604131E81631D00E25BDE /* Base */ = {isa = PBXFileReference; lastKnownFileType = file.storyboard; name = Base; path = Base.lproj/Main.storyboard; sourceTree = "<group>"; };
		D16604151E81631D00E25BDE /* Assets.xcassets */ = {isa = PBXFileReference; lastKnownFileType = folder.assetcatalog; path = Assets.xcassets; sourceTree = "<group>"; };
		D16604181E81631D00E25BDE /* Base */ = {isa = PBXFileReference; lastKnownFileType = file.storyboard; name = Base; path = Base.lproj/LaunchScreen.storyboard; sourceTree = "<group>"; };
		D166041A1E81631D00E25BDE /* Info.plist */ = {isa = PBXFileReference; lastKnownFileType = text.plist.xml; path = Info.plist; sourceTree = "<group>"; };
		D166041F1E81631D00E25BDE /* ProektMobilniAplikaciiTests.xctest */ = {isa = PBXFileReference; explicitFileType = wrapper.cfbundle; includeInIndex = 0; path = ProektMobilniAplikaciiTests.xctest; sourceTree = BUILT_PRODUCTS_DIR; };
		D16604231E81631D00E25BDE /* ProektMobilniAplikaciiTests.swift */ = {isa = PBXFileReference; lastKnownFileType = sourcecode.swift; path = ProektMobilniAplikaciiTests.swift; sourceTree = "<group>"; };
		D16604251E81631D00E25BDE /* Info.plist */ = {isa = PBXFileReference; lastKnownFileType = text.plist.xml; path = Info.plist; sourceTree = "<group>"; };
		D166042A1E81631D00E25BDE /* ProektMobilniAplikaciiUITests.xctest */ = {isa = PBXFileReference; explicitFileType = wrapper.cfbundle; includeInIndex = 0; path = ProektMobilniAplikaciiUITests.xctest; sourceTree = BUILT_PRODUCTS_DIR; };
		D166042E1E81631D00E25BDE /* ProektMobilniAplikaciiUITests.swift */ = {isa = PBXFileReference; lastKnownFileType = sourcecode.swift; path = ProektMobilniAplikaciiUITests.swift; sourceTree = "<group>"; };
		D16604301E81631D00E25BDE /* Info.plist */ = {isa = PBXFileReference; lastKnownFileType = text.plist.xml; path = Info.plist; sourceTree = "<group>"; };
		D166043C1E8163E400E25BDE /* CoinFlipViewController.swift */ = {isa = PBXFileReference; fileEncoding = 4; lastKnownFileType = sourcecode.swift; path = CoinFlipViewController.swift; sourceTree = "<group>"; };
		D166043E1E8166A000E25BDE /* DiceRollViewController.swift */ = {isa = PBXFileReference; fileEncoding = 4; lastKnownFileType = sourcecode.swift; path = DiceRollViewController.swift; sourceTree = "<group>"; };
		D16604401E816BA700E25BDE /* RouletteViewController.swift */ = {isa = PBXFileReference; fileEncoding = 4; lastKnownFileType = sourcecode.swift; path = RouletteViewController.swift; sourceTree = "<group>"; };
		D16604421E816EAC00E25BDE /* YesNoViewController.swift */ = {isa = PBXFileReference; fileEncoding = 4; lastKnownFileType = sourcecode.swift; path = YesNoViewController.swift; sourceTree = "<group>"; };
		D16604441E816FCF00E25BDE /* PickFromListViewController.swift */ = {isa = PBXFileReference; fileEncoding = 4; lastKnownFileType = sourcecode.swift; path = PickFromListViewController.swift; sourceTree = "<group>"; };
		D16604461E8171AB00E25BDE /* PickFromListTableViewCell.swift */ = {isa = PBXFileReference; fileEncoding = 4; lastKnownFileType = sourcecode.swift; path = PickFromListTableViewCell.swift; sourceTree = "<group>"; };
		D1C42FD21ED45567002E45DC /* HamburgerTableViewController.swift */ = {isa = PBXFileReference; fileEncoding = 4; lastKnownFileType = sourcecode.swift; path = HamburgerTableViewController.swift; sourceTree = "<group>"; };
/* End PBXFileReference section */

/* Begin PBXFrameworksBuildPhase section */
		D16604081E81631D00E25BDE /* Frameworks */ = {
			isa = PBXFrameworksBuildPhase;
			buildActionMask = 2147483647;
			files = (
				EB4AFD466A7F2E9DF6DEFCFC /* Pods_ProektMobilniAplikacii.framework in Frameworks */,
			);
			runOnlyForDeploymentPostprocessing = 0;
		};
		D166041C1E81631D00E25BDE /* Frameworks */ = {
			isa = PBXFrameworksBuildPhase;
			buildActionMask = 2147483647;
			files = (
			);
			runOnlyForDeploymentPostprocessing = 0;
		};
		D16604271E81631D00E25BDE /* Frameworks */ = {
			isa = PBXFrameworksBuildPhase;
			buildActionMask = 2147483647;
			files = (
			);
			runOnlyForDeploymentPostprocessing = 0;
		};
/* End PBXFrameworksBuildPhase section */

/* Begin PBXGroup section */
		C147CCA68C43A1BDEB9E3525 /* Pods */ = {
			isa = PBXGroup;
			children = (
				CA712CC0CC8B2B666AE5FE09 /* Pods-ProektMobilniAplikacii.debug.xcconfig */,
				CAC037D185692C45BB213F69 /* Pods-ProektMobilniAplikacii.release.xcconfig */,
			);
			name = Pods;
			sourceTree = "<group>";
		};
		D119D41A1E84784800854FCB /* Menu */ = {
			isa = PBXGroup;
			children = (
				D16604101E81631D00E25BDE /* MenuViewController.swift */,
			);
			name = Menu;
			sourceTree = "<group>";
		};
		D119D41B1E84784F00854FCB /* CoinFlip */ = {
			isa = PBXGroup;
			children = (
				D166043C1E8163E400E25BDE /* CoinFlipViewController.swift */,
			);
			name = CoinFlip;
			sourceTree = "<group>";
		};
		D119D41C1E84787500854FCB /* DiceRoll */ = {
			isa = PBXGroup;
			children = (
				D166043E1E8166A000E25BDE /* DiceRollViewController.swift */,
			);
			name = DiceRoll;
			sourceTree = "<group>";
		};
		D119D41D1E8478A300854FCB /* Roulette */ = {
			isa = PBXGroup;
			children = (
				D16604401E816BA700E25BDE /* RouletteViewController.swift */,
			);
			name = Roulette;
			sourceTree = "<group>";
		};
		D119D41E1E8478B400854FCB /* YesNo */ = {
			isa = PBXGroup;
			children = (
				D16604421E816EAC00E25BDE /* YesNoViewController.swift */,
			);
			name = YesNo;
			sourceTree = "<group>";
		};
		D16604021E81631D00E25BDE = {
			isa = PBXGroup;
			children = (
				D166040D1E81631D00E25BDE /* ProektMobilniAplikacii */,
				D16604221E81631D00E25BDE /* ProektMobilniAplikaciiTests */,
				D166042D1E81631D00E25BDE /* ProektMobilniAplikaciiUITests */,
				D166040C1E81631D00E25BDE /* Products */,
				C147CCA68C43A1BDEB9E3525 /* Pods */,
				E24C42085385A7B10254AD68 /* Frameworks */,
			);
			sourceTree = "<group>";
		};
		D166040C1E81631D00E25BDE /* Products */ = {
			isa = PBXGroup;
			children = (
				D166040B1E81631D00E25BDE /* ProektMobilniAplikacii.app */,
				D166041F1E81631D00E25BDE /* ProektMobilniAplikaciiTests.xctest */,
				D166042A1E81631D00E25BDE /* ProektMobilniAplikaciiUITests.xctest */,
			);
			name = Products;
			sourceTree = "<group>";
		};
		D166040D1E81631D00E25BDE /* ProektMobilniAplikacii */ = {
			isa = PBXGroup;
			children = (
				D166040E1E81631D00E25BDE /* AppDelegate.swift */,
				D1C42FD21ED45567002E45DC /* HamburgerTableViewController.swift */,
				21E488D31ED6677D00140C53 /* SwiftGif.swift */,
				D119D41A1E84784800854FCB /* Menu */,
				D119D41B1E84784F00854FCB /* CoinFlip */,
				D119D41C1E84787500854FCB /* DiceRoll */,
				D119D41D1E8478A300854FCB /* Roulette */,
				D119D41E1E8478B400854FCB /* YesNo */,
				D19D52B61E83FF9D0069E10C /* PickFromList */,
				D16604121E81631D00E25BDE /* Main.storyboard */,
				D16604151E81631D00E25BDE /* Assets.xcassets */,
				21B2A3D11EF4916100C75D61 /* woosh.wav */,
				21B2A3CF1EF480B600C75D61 /* Roule.mp3 */,
				2114A4AD1EF41F8F00EA29C1 /* coinflip.wav */,
				2114A4AF1EF4245900EA29C1 /* diceroll.wav */,
				2114A4AB1EF4130800EA29C1 /* coin.gif */,
				21E488CF1ED666EA00140C53 /* he.gif */,
				D16604171E81631D00E25BDE /* LaunchScreen.storyboard */,
				D166041A1E81631D00E25BDE /* Info.plist */,
			);
			path = ProektMobilniAplikacii;
			sourceTree = "<group>";
		};
		D16604221E81631D00E25BDE /* ProektMobilniAplikaciiTests */ = {
			isa = PBXGroup;
			children = (
				D16604231E81631D00E25BDE /* ProektMobilniAplikaciiTests.swift */,
				D16604251E81631D00E25BDE /* Info.plist */,
			);
			path = ProektMobilniAplikaciiTests;
			sourceTree = "<group>";
		};
		D166042D1E81631D00E25BDE /* ProektMobilniAplikaciiUITests */ = {
			isa = PBXGroup;
			children = (
				D166042E1E81631D00E25BDE /* ProektMobilniAplikaciiUITests.swift */,
				D16604301E81631D00E25BDE /* Info.plist */,
			);
			path = ProektMobilniAplikaciiUITests;
			sourceTree = "<group>";
		};
		D19D52B61E83FF9D0069E10C /* PickFromList */ = {
			isa = PBXGroup;
			children = (
				D16604441E816FCF00E25BDE /* PickFromListViewController.swift */,
				D16604461E8171AB00E25BDE /* PickFromListTableViewCell.swift */,
			);
			name = PickFromList;
			sourceTree = "<group>";
		};
		E24C42085385A7B10254AD68 /* Frameworks */ = {
			isa = PBXGroup;
			children = (
				2C6FE0333C54EE1642A05619 /* Pods_ProektMobilniAplikacii.framework */,
				2B119027E263FA5FEB2CB0E0 /* Pods_ProektMobilniAplikaciiTests.framework */,
				ACAC4EF02BA971BA16CEFB02 /* Pods_ProektMobilniAplikaciiUITests.framework */,
			);
			name = Frameworks;
			sourceTree = "<group>";
		};
/* End PBXGroup section */

/* Begin PBXNativeTarget section */
		D166040A1E81631D00E25BDE /* ProektMobilniAplikacii */ = {
			isa = PBXNativeTarget;
			buildConfigurationList = D16604331E81631D00E25BDE /* Build configuration list for PBXNativeTarget "ProektMobilniAplikacii" */;
			buildPhases = (
				031B05EB0362A82BFDD56ACD /* [CP] Check Pods Manifest.lock */,
				D16604071E81631D00E25BDE /* Sources */,
				D16604081E81631D00E25BDE /* Frameworks */,
				D16604091E81631D00E25BDE /* Resources */,
				991190F5AC96C639CD724996 /* [CP] Embed Pods Frameworks */,
				055DC2DDB4CE5416CDDE847D /* [CP] Copy Pods Resources */,
			);
			buildRules = (
			);
			dependencies = (
			);
			name = ProektMobilniAplikacii;
			productName = ProektMobilniAplikacii;
			productReference = D166040B1E81631D00E25BDE /* ProektMobilniAplikacii.app */;
			productType = "com.apple.product-type.application";
		};
		D166041E1E81631D00E25BDE /* ProektMobilniAplikaciiTests */ = {
			isa = PBXNativeTarget;
			buildConfigurationList = D16604361E81631D00E25BDE /* Build configuration list for PBXNativeTarget "ProektMobilniAplikaciiTests" */;
			buildPhases = (
				D166041B1E81631D00E25BDE /* Sources */,
				D166041C1E81631D00E25BDE /* Frameworks */,
				D166041D1E81631D00E25BDE /* Resources */,
			);
			buildRules = (
			);
			dependencies = (
				D16604211E81631D00E25BDE /* PBXTargetDependency */,
			);
			name = ProektMobilniAplikaciiTests;
			productName = ProektMobilniAplikaciiTests;
			productReference = D166041F1E81631D00E25BDE /* ProektMobilniAplikaciiTests.xctest */;
			productType = "com.apple.product-type.bundle.unit-test";
		};
		D16604291E81631D00E25BDE /* ProektMobilniAplikaciiUITests */ = {
			isa = PBXNativeTarget;
			buildConfigurationList = D16604391E81631D00E25BDE /* Build configuration list for PBXNativeTarget "ProektMobilniAplikaciiUITests" */;
			buildPhases = (
				D16604261E81631D00E25BDE /* Sources */,
				D16604271E81631D00E25BDE /* Frameworks */,
				D16604281E81631D00E25BDE /* Resources */,
			);
			buildRules = (
			);
			dependencies = (
				D166042C1E81631D00E25BDE /* PBXTargetDependency */,
			);
			name = ProektMobilniAplikaciiUITests;
			productName = ProektMobilniAplikaciiUITests;
			productReference = D166042A1E81631D00E25BDE /* ProektMobilniAplikaciiUITests.xctest */;
			productType = "com.apple.product-type.bundle.ui-testing";
		};
/* End PBXNativeTarget section */

/* Begin PBXProject section */
		D16604031E81631D00E25BDE /* Project object */ = {
			isa = PBXProject;
			attributes = {
				LastSwiftUpdateCheck = 0820;
				LastUpgradeCheck = 0820;
				ORGANIZATIONNAME = "Filip Sardzoski";
				TargetAttributes = {
					D166040A1E81631D00E25BDE = {
						CreatedOnToolsVersion = 8.2.1;
						DevelopmentTeam = 5F6VXBM4CU;
						ProvisioningStyle = Automatic;
					};
					D166041E1E81631D00E25BDE = {
						CreatedOnToolsVersion = 8.2.1;
						DevelopmentTeam = 5F6VXBM4CU;
						ProvisioningStyle = Automatic;
						TestTargetID = D166040A1E81631D00E25BDE;
					};
					D16604291E81631D00E25BDE = {
						CreatedOnToolsVersion = 8.2.1;
						DevelopmentTeam = 5F6VXBM4CU;
						ProvisioningStyle = Automatic;
						TestTargetID = D166040A1E81631D00E25BDE;
					};
				};
			};
			buildConfigurationList = D16604061E81631D00E25BDE /* Build configuration list for PBXProject "ProektMobilniAplikacii" */;
			compatibilityVersion = "Xcode 3.2";
			developmentRegion = English;
			hasScannedForEncodings = 0;
			knownRegions = (
				en,
				Base,
			);
			mainGroup = D16604021E81631D00E25BDE;
			productRefGroup = D166040C1E81631D00E25BDE /* Products */;
			projectDirPath = "";
			projectRoot = "";
			targets = (
				D166040A1E81631D00E25BDE /* ProektMobilniAplikacii */,
				D166041E1E81631D00E25BDE /* ProektMobilniAplikaciiTests */,
				D16604291E81631D00E25BDE /* ProektMobilniAplikaciiUITests */,
			);
		};
/* End PBXProject section */

/* Begin PBXResourcesBuildPhase section */
		D16604091E81631D00E25BDE /* Resources */ = {
			isa = PBXResourcesBuildPhase;
			buildActionMask = 2147483647;
			files = (
				D16604191E81631D00E25BDE /* LaunchScreen.storyboard in Resources */,
				D16604161E81631D00E25BDE /* Assets.xcassets in Resources */,
				2114A4B01EF4245900EA29C1 /* diceroll.wav in Resources */,
				2114A4AE1EF41F8F00EA29C1 /* coinflip.wav in Resources */,
				21B2A3D21EF4916100C75D61 /* woosh.wav in Resources */,
				2114A4AC1EF4130800EA29C1 /* coin.gif in Resources */,
				D16604141E81631D00E25BDE /* Main.storyboard in Resources */,
				21B2A3D01EF480B600C75D61 /* Roule.mp3 in Resources */,
				21E488D11ED666EA00140C53 /* he.gif in Resources */,
			);
			runOnlyForDeploymentPostprocessing = 0;
		};
		D166041D1E81631D00E25BDE /* Resources */ = {
			isa = PBXResourcesBuildPhase;
			buildActionMask = 2147483647;
			files = (
			);
			runOnlyForDeploymentPostprocessing = 0;
		};
		D16604281E81631D00E25BDE /* Resources */ = {
			isa = PBXResourcesBuildPhase;
			buildActionMask = 2147483647;
			files = (
			);
			runOnlyForDeploymentPostprocessing = 0;
		};
/* End PBXResourcesBuildPhase section */

/* Begin PBXShellScriptBuildPhase section */
		031B05EB0362A82BFDD56ACD /* [CP] Check Pods Manifest.lock */ = {
			isa = PBXShellScriptBuildPhase;
			buildActionMask = 2147483647;
			files = (
			);
			inputPaths = (
			);
			name = "[CP] Check Pods Manifest.lock";
			outputPaths = (
			);
			runOnlyForDeploymentPostprocessing = 0;
			shellPath = /bin/sh;
			shellScript = "diff \"${PODS_PODFILE_DIR_PATH}/Podfile.lock\" \"${PODS_ROOT}/Manifest.lock\" > /dev/null\nif [ $? != 0 ] ; then\n    # print error to STDERR\n    echo \"error: The sandbox is not in sync with the Podfile.lock. Run 'pod install' or update your CocoaPods installation.\" >&2\n    exit 1\nfi\n";
			showEnvVarsInLog = 0;
		};
		055DC2DDB4CE5416CDDE847D /* [CP] Copy Pods Resources */ = {
			isa = PBXShellScriptBuildPhase;
			buildActionMask = 2147483647;
			files = (
			);
			inputPaths = (
			);
			name = "[CP] Copy Pods Resources";
			outputPaths = (
			);
			runOnlyForDeploymentPostprocessing = 0;
			shellPath = /bin/sh;
			shellScript = "\"${SRCROOT}/Pods/Target Support Files/Pods-ProektMobilniAplikacii/Pods-ProektMobilniAplikacii-resources.sh\"\n";
			showEnvVarsInLog = 0;
		};
		991190F5AC96C639CD724996 /* [CP] Embed Pods Frameworks */ = {
			isa = PBXShellScriptBuildPhase;
			buildActionMask = 2147483647;
			files = (
			);
			inputPaths = (
			);
			name = "[CP] Embed Pods Frameworks";
			outputPaths = (
			);
			runOnlyForDeploymentPostprocessing = 0;
			shellPath = /bin/sh;
			shellScript = "\"${SRCROOT}/Pods/Target Support Files/Pods-ProektMobilniAplikacii/Pods-ProektMobilniAplikacii-frameworks.sh\"\n";
			showEnvVarsInLog = 0;
		};
/* End PBXShellScriptBuildPhase section */

/* Begin PBXSourcesBuildPhase section */
		D16604071E81631D00E25BDE /* Sources */ = {
			isa = PBXSourcesBuildPhase;
			buildActionMask = 2147483647;
			files = (
				D1C42FD31ED45567002E45DC /* HamburgerTableViewController.swift in Sources */,
				D166043F1E8166A000E25BDE /* DiceRollViewController.swift in Sources */,
				D16604411E816BA700E25BDE /* RouletteViewController.swift in Sources */,
				D16604451E816FCF00E25BDE /* PickFromListViewController.swift in Sources */,
				21E488D41ED6677D00140C53 /* SwiftGif.swift in Sources */,
				D16604111E81631D00E25BDE /* MenuViewController.swift in Sources */,
				D16604471E8171AB00E25BDE /* PickFromListTableViewCell.swift in Sources */,
				D166043D1E8163E400E25BDE /* CoinFlipViewController.swift in Sources */,
				D166040F1E81631D00E25BDE /* AppDelegate.swift in Sources */,
				D16604431E816EAC00E25BDE /* YesNoViewController.swift in Sources */,
			);
			runOnlyForDeploymentPostprocessing = 0;
		};
		D166041B1E81631D00E25BDE /* Sources */ = {
			isa = PBXSourcesBuildPhase;
			buildActionMask = 2147483647;
			files = (
				D16604241E81631D00E25BDE /* ProektMobilniAplikaciiTests.swift in Sources */,
			);
			runOnlyForDeploymentPostprocessing = 0;
		};
		D16604261E81631D00E25BDE /* Sources */ = {
			isa = PBXSourcesBuildPhase;
			buildActionMask = 2147483647;
			files = (
				D166042F1E81631D00E25BDE /* ProektMobilniAplikaciiUITests.swift in Sources */,
			);
			runOnlyForDeploymentPostprocessing = 0;
		};
/* End PBXSourcesBuildPhase section */

/* Begin PBXTargetDependency section */
		D16604211E81631D00E25BDE /* PBXTargetDependency */ = {
			isa = PBXTargetDependency;
			target = D166040A1E81631D00E25BDE /* ProektMobilniAplikacii */;
			targetProxy = D16604201E81631D00E25BDE /* PBXContainerItemProxy */;
		};
		D166042C1E81631D00E25BDE /* PBXTargetDependency */ = {
			isa = PBXTargetDependency;
			target = D166040A1E81631D00E25BDE /* ProektMobilniAplikacii */;
			targetProxy = D166042B1E81631D00E25BDE /* PBXContainerItemProxy */;
		};
/* End PBXTargetDependency section */

/* Begin PBXVariantGroup section */
		D16604121E81631D00E25BDE /* Main.storyboard */ = {
			isa = PBXVariantGroup;
			children = (
				D16604131E81631D00E25BDE /* Base */,
			);
			name = Main.storyboard;
			sourceTree = "<group>";
		};
		D16604171E81631D00E25BDE /* LaunchScreen.storyboard */ = {
			isa = PBXVariantGroup;
			children = (
				D16604181E81631D00E25BDE /* Base */,
			);
			name = LaunchScreen.storyboard;
			sourceTree = "<group>";
		};
/* End PBXVariantGroup section */

/* Begin XCBuildConfiguration section */
		D16604311E81631D00E25BDE /* Debug */ = {
			isa = XCBuildConfiguration;
			buildSettings = {
				ALWAYS_SEARCH_USER_PATHS = NO;
				CLANG_ANALYZER_NONNULL = YES;
				CLANG_CXX_LANGUAGE_STANDARD = "gnu++0x";
				CLANG_CXX_LIBRARY = "libc++";
				CLANG_ENABLE_MODULES = YES;
				CLANG_ENABLE_OBJC_ARC = YES;
				CLANG_WARN_BOOL_CONVERSION = YES;
				CLANG_WARN_CONSTANT_CONVERSION = YES;
				CLANG_WARN_DIRECT_OBJC_ISA_USAGE = YES_ERROR;
				CLANG_WARN_DOCUMENTATION_COMMENTS = YES;
				CLANG_WARN_EMPTY_BODY = YES;
				CLANG_WARN_ENUM_CONVERSION = YES;
				CLANG_WARN_INFINITE_RECURSION = YES;
				CLANG_WARN_INT_CONVERSION = YES;
				CLANG_WARN_OBJC_ROOT_CLASS = YES_ERROR;
				CLANG_WARN_SUSPICIOUS_MOVE = YES;
				CLANG_WARN_UNREACHABLE_CODE = YES;
				CLANG_WARN__DUPLICATE_METHOD_MATCH = YES;
				"CODE_SIGN_IDENTITY[sdk=iphoneos*]" = "iPhone Developer";
				COPY_PHASE_STRIP = NO;
				DEBUG_INFORMATION_FORMAT = dwarf;
				ENABLE_STRICT_OBJC_MSGSEND = YES;
				ENABLE_TESTABILITY = YES;
				GCC_C_LANGUAGE_STANDARD = gnu99;
				GCC_DYNAMIC_NO_PIC = NO;
				GCC_NO_COMMON_BLOCKS = YES;
				GCC_OPTIMIZATION_LEVEL = 0;
				GCC_PREPROCESSOR_DEFINITIONS = (
					"DEBUG=1",
					"$(inherited)",
				);
				GCC_WARN_64_TO_32_BIT_CONVERSION = YES;
				GCC_WARN_ABOUT_RETURN_TYPE = YES_ERROR;
				GCC_WARN_UNDECLARED_SELECTOR = YES;
				GCC_WARN_UNINITIALIZED_AUTOS = YES_AGGRESSIVE;
				GCC_WARN_UNUSED_FUNCTION = YES;
				GCC_WARN_UNUSED_VARIABLE = YES;
				IPHONEOS_DEPLOYMENT_TARGET = 10.2;
				MTL_ENABLE_DEBUG_INFO = YES;
				ONLY_ACTIVE_ARCH = YES;
				SDKROOT = iphoneos;
				SWIFT_ACTIVE_COMPILATION_CONDITIONS = DEBUG;
				SWIFT_OPTIMIZATION_LEVEL = "-Onone";
				TARGETED_DEVICE_FAMILY = "1,2";
			};
			name = Debug;
		};
		D16604321E81631D00E25BDE /* Release */ = {
			isa = XCBuildConfiguration;
			buildSettings = {
				ALWAYS_SEARCH_USER_PATHS = NO;
				CLANG_ANALYZER_NONNULL = YES;
				CLANG_CXX_LANGUAGE_STANDARD = "gnu++0x";
				CLANG_CXX_LIBRARY = "libc++";
				CLANG_ENABLE_MODULES = YES;
				CLANG_ENABLE_OBJC_ARC = YES;
				CLANG_WARN_BOOL_CONVERSION = YES;
				CLANG_WARN_CONSTANT_CONVERSION = YES;
				CLANG_WARN_DIRECT_OBJC_ISA_USAGE = YES_ERROR;
				CLANG_WARN_DOCUMENTATION_COMMENTS = YES;
				CLANG_WARN_EMPTY_BODY = YES;
				CLANG_WARN_ENUM_CONVERSION = YES;
				CLANG_WARN_INFINITE_RECURSION = YES;
				CLANG_WARN_INT_CONVERSION = YES;
				CLANG_WARN_OBJC_ROOT_CLASS = YES_ERROR;
				CLANG_WARN_SUSPICIOUS_MOVE = YES;
				CLANG_WARN_UNREACHABLE_CODE = YES;
				CLANG_WARN__DUPLICATE_METHOD_MATCH = YES;
				"CODE_SIGN_IDENTITY[sdk=iphoneos*]" = "iPhone Developer";
				COPY_PHASE_STRIP = NO;
				DEBUG_INFORMATION_FORMAT = "dwarf-with-dsym";
				ENABLE_NS_ASSERTIONS = NO;
				ENABLE_STRICT_OBJC_MSGSEND = YES;
				GCC_C_LANGUAGE_STANDARD = gnu99;
				GCC_NO_COMMON_BLOCKS = YES;
				GCC_WARN_64_TO_32_BIT_CONVERSION = YES;
				GCC_WARN_ABOUT_RETURN_TYPE = YES_ERROR;
				GCC_WARN_UNDECLARED_SELECTOR = YES;
				GCC_WARN_UNINITIALIZED_AUTOS = YES_AGGRESSIVE;
				GCC_WARN_UNUSED_FUNCTION = YES;
				GCC_WARN_UNUSED_VARIABLE = YES;
				IPHONEOS_DEPLOYMENT_TARGET = 10.2;
				MTL_ENABLE_DEBUG_INFO = NO;
				SDKROOT = iphoneos;
				SWIFT_OPTIMIZATION_LEVEL = "-Owholemodule";
				TARGETED_DEVICE_FAMILY = "1,2";
				VALIDATE_PRODUCT = YES;
			};
			name = Release;
		};
		D16604341E81631D00E25BDE /* Debug */ = {
			isa = XCBuildConfiguration;
			baseConfigurationReference = CA712CC0CC8B2B666AE5FE09 /* Pods-ProektMobilniAplikacii.debug.xcconfig */;
			buildSettings = {
				ASSETCATALOG_COMPILER_APPICON_NAME = AppIcon;
				DEVELOPMENT_TEAM = 5F6VXBM4CU;
				INFOPLIST_FILE = ProektMobilniAplikacii/Info.plist;
				LD_RUNPATH_SEARCH_PATHS = "$(inherited) @executable_path/Frameworks";
				PRODUCT_BUNDLE_IDENTIFIER = com.filipsardzoski.ProektMobilniAplikacii;
				PRODUCT_NAME = "$(TARGET_NAME)";
				SWIFT_VERSION = 3.0;
			};
			name = Debug;
		};
		D16604351E81631D00E25BDE /* Release */ = {
			isa = XCBuildConfiguration;
			baseConfigurationReference = CAC037D185692C45BB213F69 /* Pods-ProektMobilniAplikacii.release.xcconfig */;
			buildSettings = {
				ASSETCATALOG_COMPILER_APPICON_NAME = AppIcon;
				DEVELOPMENT_TEAM = 5F6VXBM4CU;
				INFOPLIST_FILE = ProektMobilniAplikacii/Info.plist;
				LD_RUNPATH_SEARCH_PATHS = "$(inherited) @executable_path/Frameworks";
				PRODUCT_BUNDLE_IDENTIFIER = com.filipsardzoski.ProektMobilniAplikacii;
				PRODUCT_NAME = "$(TARGET_NAME)";
				SWIFT_VERSION = 3.0;
			};
			name = Release;
		};
		D16604371E81631D00E25BDE /* Debug */ = {
			isa = XCBuildConfiguration;
			buildSettings = {
				ALWAYS_EMBED_SWIFT_STANDARD_LIBRARIES = YES;
				BUNDLE_LOADER = "$(TEST_HOST)";
				DEVELOPMENT_TEAM = 5F6VXBM4CU;
				INFOPLIST_FILE = ProektMobilniAplikaciiTests/Info.plist;
				LD_RUNPATH_SEARCH_PATHS = "$(inherited) @executable_path/Frameworks @loader_path/Frameworks";
				PRODUCT_BUNDLE_IDENTIFIER = com.filipsardzoski.ProektMobilniAplikaciiTests;
				PRODUCT_NAME = "$(TARGET_NAME)";
				SWIFT_VERSION = 3.0;
				TEST_HOST = "$(BUILT_PRODUCTS_DIR)/ProektMobilniAplikacii.app/ProektMobilniAplikacii";
			};
			name = Debug;
		};
		D16604381E81631D00E25BDE /* Release */ = {
			isa = XCBuildConfiguration;
			buildSettings = {
				ALWAYS_EMBED_SWIFT_STANDARD_LIBRARIES = YES;
				BUNDLE_LOADER = "$(TEST_HOST)";
				DEVELOPMENT_TEAM = 5F6VXBM4CU;
				INFOPLIST_FILE = ProektMobilniAplikaciiTests/Info.plist;
				LD_RUNPATH_SEARCH_PATHS = "$(inherited) @executable_path/Frameworks @loader_path/Frameworks";
				PRODUCT_BUNDLE_IDENTIFIER = com.filipsardzoski.ProektMobilniAplikaciiTests;
				PRODUCT_NAME = "$(TARGET_NAME)";
				SWIFT_VERSION = 3.0;
				TEST_HOST = "$(BUILT_PRODUCTS_DIR)/ProektMobilniAplikacii.app/ProektMobilniAplikacii";
			};
			name = Release;
		};
		D166043A1E81631D00E25BDE /* Debug */ = {
			isa = XCBuildConfiguration;
			buildSettings = {
				ALWAYS_EMBED_SWIFT_STANDARD_LIBRARIES = YES;
				DEVELOPMENT_TEAM = 5F6VXBM4CU;
				INFOPLIST_FILE = ProektMobilniAplikaciiUITests/Info.plist;
				LD_RUNPATH_SEARCH_PATHS = "$(inherited) @executable_path/Frameworks @loader_path/Frameworks";
				PRODUCT_BUNDLE_IDENTIFIER = com.filipsardzoski.ProektMobilniAplikaciiUITests;
				PRODUCT_NAME = "$(TARGET_NAME)";
				SWIFT_VERSION = 3.0;
				TEST_TARGET_NAME = ProektMobilniAplikacii;
			};
			name = Debug;
		};
		D166043B1E81631D00E25BDE /* Release */ = {
			isa = XCBuildConfiguration;
			buildSettings = {
				ALWAYS_EMBED_SWIFT_STANDARD_LIBRARIES = YES;
				DEVELOPMENT_TEAM = 5F6VXBM4CU;
				INFOPLIST_FILE = ProektMobilniAplikaciiUITests/Info.plist;
				LD_RUNPATH_SEARCH_PATHS = "$(inherited) @executable_path/Frameworks @loader_path/Frameworks";
				PRODUCT_BUNDLE_IDENTIFIER = com.filipsardzoski.ProektMobilniAplikaciiUITests;
				PRODUCT_NAME = "$(TARGET_NAME)";
				SWIFT_VERSION = 3.0;
				TEST_TARGET_NAME = ProektMobilniAplikacii;
			};
			name = Release;
		};
/* End XCBuildConfiguration section */

/* Begin XCConfigurationList section */
		D16604061E81631D00E25BDE /* Build configuration list for PBXProject "ProektMobilniAplikacii" */ = {
			isa = XCConfigurationList;
			buildConfigurations = (
				D16604311E81631D00E25BDE /* Debug */,
				D16604321E81631D00E25BDE /* Release */,
			);
			defaultConfigurationIsVisible = 0;
			defaultConfigurationName = Release;
		};
		D16604331E81631D00E25BDE /* Build configuration list for PBXNativeTarget "ProektMobilniAplikacii" */ = {
			isa = XCConfigurationList;
			buildConfigurations = (
				D16604341E81631D00E25BDE /* Debug */,
				D16604351E81631D00E25BDE /* Release */,
			);
			defaultConfigurationIsVisible = 0;
			defaultConfigurationName = Release;
		};
		D16604361E81631D00E25BDE /* Build configuration list for PBXNativeTarget "ProektMobilniAplikaciiTests" */ = {
			isa = XCConfigurationList;
			buildConfigurations = (
				D16604371E81631D00E25BDE /* Debug */,
				D16604381E81631D00E25BDE /* Release */,
			);
			defaultConfigurationIsVisible = 0;
			defaultConfigurationName = Release;
		};
		D16604391E81631D00E25BDE /* Build configuration list for PBXNativeTarget "ProektMobilniAplikaciiUITests" */ = {
			isa = XCConfigurationList;
			buildConfigurations = (
				D166043A1E81631D00E25BDE /* Debug */,
				D166043B1E81631D00E25BDE /* Release */,
			);
			defaultConfigurationIsVisible = 0;
			defaultConfigurationName = Release;
		};
/* End XCConfigurationList section */
	};
	rootObject = D16604031E81631D00E25BDE /* Project object */;
}
